
Microsoft Visual Studio Solution File, Format Version 12.00
# Visual Studio Version 17
VisualStudioVersion = 17.0.31919.166
MinimumVisualStudioVersion = 10.0.40219.1
Project("{FAE04EC0-301F-11D3-BF4B-00C04F79EFBC}") = "AspStudio_Boilerplate", "AspStudio_Boilerplate.csproj", "{2FA4D4C0-9683-4889-9271-3C096D68AF52}"
EndProject
Project("{FAE04EC0-301F-11D3-BF4B-00C04F79EFBC}") = "AspStudio_Boilerplate.Domain", "AspStudio_Boilerplate.Domain\AspStudio_Boilerplate.Domain.csproj", "{6D5C9D7F-7D2D-4806-AE69-4E766E39ED62}"
EndProject
Project("{FAE04EC0-301F-11D3-BF4B-00C04F79EFBC}") = "AspStudio_Boilerplate.Infrastructure", "AspStudio_Boilerplate.Infrastructure\AspStudio_Boilerplate.Infrastructure.csproj", "{D6245A1C-AB90-4CC1-9C05-E03E4F925255}"
EndProject
Global
	GlobalSection(SolutionConfigurationPlatforms) = preSolution
		Debug|Any CPU = Debug|Any CPU
		Release|Any CPU = Release|Any CPU
	EndGlobalSection
	GlobalSection(ProjectConfigurationPlatforms) = postSolution
		{2FA4D4C0-9683-4889-9271-3C096D68AF52}.Debug|Any CPU.ActiveCfg = Debug|Any CPU
		{2FA4D4C0-9683-4889-9271-3C096D68AF52}.Debug|Any CPU.Build.0 = Debug|Any CPU
		{2FA4D4C0-9683-4889-9271-3C096D68AF52}.Release|Any CPU.ActiveCfg = Release|Any CPU
		{2FA4D4C0-9683-4889-9271-3C096D68AF52}.Release|Any CPU.Build.0 = Release|Any CPU
		{6D5C9D7F-7D2D-4806-AE69-4E766E39ED62}.Debug|Any CPU.ActiveCfg = Debug|Any CPU
		{6D5C9D7F-7D2D-4806-AE69-4E766E39ED62}.Debug|Any CPU.Build.0 = Debug|Any CPU
		{6D5C9D7F-7D2D-4806-AE69-4E766E39ED62}.Release|Any CPU.ActiveCfg = Release|Any CPU
		{6D5C9D7F-7D2D-4806-AE69-4E766E39ED62}.Release|Any CPU.Build.0 = Release|Any CPU
		{D6245A1C-AB90-4CC1-9C05-E03E4F925255}.Debug|Any CPU.ActiveCfg = Debug|Any CPU
		{D6245A1C-AB90-4CC1-9C05-E03E4F925255}.Debug|Any CPU.Build.0 = Debug|Any CPU
		{D6245A1C-AB90-4CC1-9C05-E03E4F925255}.Release|Any CPU.ActiveCfg = Release|Any CPU
		{D6245A1C-AB90-4CC1-9C05-E03E4F925255}.Release|Any CPU.Build.0 = Release|Any CPU
	EndGlobalSection
	GlobalSection(SolutionProperties) = preSolution
		HideSolutionNode = FALSE
	EndGlobalSection
	GlobalSection(ExtensibilityGlobals) = postSolution
		SolutionGuid = {01FCDF9D-CA95-446D-BA1F-7888C4FD3B54}
	EndGlobalSection
EndGlobal
